
Microsoft Visual Studio Solution File, Format Version 12.00
# Visual Studio 14
VisualStudioVersion = 14.0.25420.1
MinimumVisualStudioVersion = 10.0.40219.1
Project("{FAE04EC0-301F-11D3-BF4B-00C04F79EFBC}") = "BEE.GuiMail", "BEE.GuiMail\BEE.GuiMail.csproj", "{729D2921-EBBC-4721-BD2F-6E86CEF77ECF}"
EndProject
Project("{FAE04EC0-301F-11D3-BF4B-00C04F79EFBC}") = "BEE.ThuVien", "BEE.ThuVien\BEE.ThuVien.csproj", "{2C799FCC-763E-411D-A615-5779D50A65A1}"
EndProject
Project("{FAE04EC0-301F-11D3-BF4B-00C04F79EFBC}") = "BEE.SanPham", "BEE.SanPham\BEE.SanPham.csproj", "{E4DE73EC-89A1-4172-9497-D8CBC50A993F}"
EndProject
Project("{FAE04EC0-301F-11D3-BF4B-00C04F79EFBC}") = "BEE.TaiLieu", "BEE.TaiLieu\BEE.TaiLieu.csproj", "{3EE1A95E-8A3A-4145-BD5F-DB20C7EA8186}"
EndProject
Project("{FAE04EC0-301F-11D3-BF4B-00C04F79EFBC}") = "BEE.KhachHang", "BEE.KhachHang\BEE.KhachHang.csproj", "{97BB55E3-CA38-4621-B35B-6D5F3D926DE9}"
EndProject
Project("{FAE04EC0-301F-11D3-BF4B-00C04F79EFBC}") = "BEE.QuangCao", "BEE.QuangCao\BEE.QuangCao.csproj", "{52727361-1D55-414E-A9F9-6BB15FC7D771}"
EndProject
Project("{FAE04EC0-301F-11D3-BF4B-00C04F79EFBC}") = "BEE.LichLamViec", "BEE.LichLamViec\BEE.LichLamViec.csproj", "{0FF27C8B-1CE5-4CA1-819D-74021F8B691F}"
EndProject
Project("{FAE04EC0-301F-11D3-BF4B-00C04F79EFBC}") = "BEE.GhiChu", "BEE.GhiChu\BEE.GhiChu.csproj", "{A68904A1-217F-4A7B-A1E7-2AB74BB0C6B6}"
EndProject
Project("{FAE04EC0-301F-11D3-BF4B-00C04F79EFBC}") = "BEE.DuAn", "BEE.DuAn\BEE.DuAn.csproj", "{AC5BE187-D0BB-405B-8811-8C41AF21DEE1}"
EndProject
Project("{FAE04EC0-301F-11D3-BF4B-00C04F79EFBC}") = "BEE.NhanVien", "BEE.NhanVien\BEE.NhanVien.csproj", "{D2CD87BB-8FF8-46F9-9FA2-1BF2BF560259}"
EndProject
Project("{FAE04EC0-301F-11D3-BF4B-00C04F79EFBC}") = "BEE.CongCu", "BEE.CongCu\BEE.CongCu.csproj", "{1F3F5CA3-4C22-46F4-B3B0-FA16CCEBD01C}"
EndProject
Project("{FAE04EC0-301F-11D3-BF4B-00C04F79EFBC}") = "BEE.FTP", "BEE.FTP\BEE.FTP.csproj", "{6F90788C-3C10-4259-B8B7-E65F856FE55D}"
EndProject
Project("{FAE04EC0-301F-11D3-BF4B-00C04F79EFBC}") = "BEE.NgonNgu", "BEE.NgonNgu\BEE.NgonNgu.csproj", "{8FFCECCF-4019-4FA3-81F7-DA95166A0166}"
EndProject
Project("{FAE04EC0-301F-11D3-BF4B-00C04F79EFBC}") = "BEE.BanDo", "BEE.BanDo\BEE.BanDo.csproj", "{0E54A3E9-B65B-4A76-A8DE-066E45D4CB89}"
EndProject
Project("{FAE04EC0-301F-11D3-BF4B-00C04F79EFBC}") = "BEE.EncryptConnect", "EncryptConnect\BEE.EncryptConnect.csproj", "{04993D0B-9DCC-4224-A934-8AD4DC6820E3}"
EndProject
Project("{FAE04EC0-301F-11D3-BF4B-00C04F79EFBC}") = "BeeRem", "BeeRem\BeeRem.csproj", "{B6376C45-D295-4B7C-B7E1-55FA083F074C}"
EndProject
Project("{FAE04EC0-301F-11D3-BF4B-00C04F79EFBC}") = "Updater", "Updater\Updater.csproj", "{388CE2C3-CB1A-4654-B6B5-3F2C7F130BE9}"
EndProject
Project("{FAE04EC0-301F-11D3-BF4B-00C04F79EFBC}") = "BeeReports", "NewReports\BeeReports.csproj", "{CF87157F-ADE0-4AAE-819B-8BF8F7F291C7}"
EndProject
Project("{FAE04EC0-301F-11D3-BF4B-00C04F79EFBC}") = "BEE.NghiepVuKhac", "BEE.NghiepVuKhac\BEE.NghiepVuKhac.csproj", "{4CA06B5C-18FC-45A7-A7BD-696BFF2B80AB}"
EndProject
Project("{FAE04EC0-301F-11D3-BF4B-00C04F79EFBC}") = "BEE.HoatDong", "BEE.HoatDong\BEE.HoatDong.csproj", "{64E4EC7F-A1E9-4186-A4C6-91EE669A40AF}"
EndProject
Project("{FAE04EC0-301F-11D3-BF4B-00C04F79EFBC}") = "BEE.VOIPSETUP", "BEE.VOIPSETUP\BEE.VOIPSETUP.csproj", "{C27CE3C7-B9BF-4F53-AFBF-3F293A559BCA}"
EndProject
Project("{FAE04EC0-301F-11D3-BF4B-00C04F79EFBC}") = "PopupUCMThienVM", "PopupUCMThienVM\PopupUCMThienVM.csproj", "{2C084697-253A-4384-BFBC-9205250F00EE}"
EndProject
Project("{FAE04EC0-301F-11D3-BF4B-00C04F79EFBC}") = "BEE.SoQuy", "BEE.SoQuy\BEE.SoQuy.csproj", "{FE1F3F5C-901E-4DCC-A138-8CE77B0F414F}"
EndProject
Project("{FAE04EC0-301F-11D3-BF4B-00C04F79EFBC}") = "CrawlerWebNew", "CrawlerWebNew\CrawlerWebNew.csproj", "{11D0E07C-844D-4266-A3CA-E76BEE57A790}"
EndProject
Project("{54435603-DBB4-11D2-8724-00A0C9A8B90C}") = "BEEREMA_HOALAND19", "BEEREMA_HOALAND19\BEEREMA_HOALAND19.vdproj", "{04D1DAC8-2119-4490-8F0C-947E0ABF0B15}"
EndProject
Global
	GlobalSection(SolutionConfigurationPlatforms) = preSolution
		Debug|Any CPU = Debug|Any CPU
		Debug|Mixed Platforms = Debug|Mixed Platforms
		Debug|x86 = Debug|x86
		MySetting|Any CPU = MySetting|Any CPU
		MySetting|Mixed Platforms = MySetting|Mixed Platforms
		MySetting|x86 = MySetting|x86
		Release|Any CPU = Release|Any CPU
		Release|Mixed Platforms = Release|Mixed Platforms
		Release|x86 = Release|x86
	EndGlobalSection
	GlobalSection(ProjectConfigurationPlatforms) = postSolution
		{729D2921-EBBC-4721-BD2F-6E86CEF77ECF}.Debug|Any CPU.ActiveCfg = Debug|Any CPU
		{729D2921-EBBC-4721-BD2F-6E86CEF77ECF}.Debug|Mixed Platforms.ActiveCfg = Debug|Any CPU
		{729D2921-EBBC-4721-BD2F-6E86CEF77ECF}.Debug|x86.ActiveCfg = Debug|Any CPU
		{729D2921-EBBC-4721-BD2F-6E86CEF77ECF}.MySetting|Any CPU.ActiveCfg = MySetting|Any CPU
		{729D2921-EBBC-4721-BD2F-6E86CEF77ECF}.MySetting|Any CPU.Build.0 = MySetting|Any CPU
		{729D2921-EBBC-4721-BD2F-6E86CEF77ECF}.MySetting|Mixed Platforms.ActiveCfg = MySetting|Any CPU
		{729D2921-EBBC-4721-BD2F-6E86CEF77ECF}.MySetting|x86.ActiveCfg = MySetting|Any CPU
		{729D2921-EBBC-4721-BD2F-6E86CEF77ECF}.Release|Any CPU.ActiveCfg = Release|Any CPU
		{729D2921-EBBC-4721-BD2F-6E86CEF77ECF}.Release|Any CPU.Build.0 = Release|Any CPU
		{729D2921-EBBC-4721-BD2F-6E86CEF77ECF}.Release|Mixed Platforms.ActiveCfg = Release|Any CPU
		{729D2921-EBBC-4721-BD2F-6E86CEF77ECF}.Release|x86.ActiveCfg = Release|Any CPU
		{2C799FCC-763E-411D-A615-5779D50A65A1}.Debug|Any CPU.ActiveCfg = Debug|Any CPU
		{2C799FCC-763E-411D-A615-5779D50A65A1}.Debug|Any CPU.Build.0 = Debug|Any CPU
		{2C799FCC-763E-411D-A615-5779D50A65A1}.Debug|Mixed Platforms.ActiveCfg = Debug|Any CPU
		{2C799FCC-763E-411D-A615-5779D50A65A1}.Debug|x86.ActiveCfg = Debug|Any CPU
		{2C799FCC-763E-411D-A615-5779D50A65A1}.MySetting|Any CPU.ActiveCfg = MySetting|Any CPU
		{2C799FCC-763E-411D-A615-5779D50A65A1}.MySetting|Any CPU.Build.0 = MySetting|Any CPU
		{2C799FCC-763E-411D-A615-5779D50A65A1}.MySetting|Mixed Platforms.ActiveCfg = MySetting|Any CPU
		{2C799FCC-763E-411D-A615-5779D50A65A1}.MySetting|x86.ActiveCfg = MySetting|Any CPU
		{2C799FCC-763E-411D-A615-5779D50A65A1}.Release|Any CPU.ActiveCfg = Release|Any CPU
		{2C799FCC-763E-411D-A615-5779D50A65A1}.Release|Any CPU.Build.0 = Release|Any CPU
		{2C799FCC-763E-411D-A615-5779D50A65A1}.Release|Mixed Platforms.ActiveCfg = Release|Any CPU
		{2C799FCC-763E-411D-A615-5779D50A65A1}.Release|x86.ActiveCfg = Release|Any CPU
		{E4DE73EC-89A1-4172-9497-D8CBC50A993F}.Debug|Any CPU.ActiveCfg = Debug|Any CPU
		{E4DE73EC-89A1-4172-9497-D8CBC50A993F}.Debug|Any CPU.Build.0 = Debug|Any CPU
		{E4DE73EC-89A1-4172-9497-D8CBC50A993F}.Debug|Mixed Platforms.ActiveCfg = Debug|Any CPU
		{E4DE73EC-89A1-4172-9497-D8CBC50A993F}.Debug|x86.ActiveCfg = Debug|Any CPU
		{E4DE73EC-89A1-4172-9497-D8CBC50A993F}.MySetting|Any CPU.ActiveCfg = MySetting|Any CPU
		{E4DE73EC-89A1-4172-9497-D8CBC50A993F}.MySetting|Any CPU.Build.0 = MySetting|Any CPU
		{E4DE73EC-89A1-4172-9497-D8CBC50A993F}.MySetting|Mixed Platforms.ActiveCfg = MySetting|Any CPU
		{E4DE73EC-89A1-4172-9497-D8CBC50A993F}.MySetting|x86.ActiveCfg = MySetting|Any CPU
		{E4DE73EC-89A1-4172-9497-D8CBC50A993F}.Release|Any CPU.ActiveCfg = Release|Any CPU
		{E4DE73EC-89A1-4172-9497-D8CBC50A993F}.Release|Any CPU.Build.0 = Release|Any CPU
		{E4DE73EC-89A1-4172-9497-D8CBC50A993F}.Release|Mixed Platforms.ActiveCfg = Release|Any CPU
		{E4DE73EC-89A1-4172-9497-D8CBC50A993F}.Release|x86.ActiveCfg = Release|Any CPU
		{3EE1A95E-8A3A-4145-BD5F-DB20C7EA8186}.Debug|Any CPU.ActiveCfg = Debug|Any CPU
		{3EE1A95E-8A3A-4145-BD5F-DB20C7EA8186}.Debug|Any CPU.Build.0 = Debug|Any CPU
		{3EE1A95E-8A3A-4145-BD5F-DB20C7EA8186}.Debug|Mixed Platforms.ActiveCfg = Debug|Any CPU
		{3EE1A95E-8A3A-4145-BD5F-DB20C7EA8186}.Debug|x86.ActiveCfg = Debug|Any CPU
		{3EE1A95E-8A3A-4145-BD5F-DB20C7EA8186}.MySetting|Any CPU.ActiveCfg = MySetting|Any CPU
		{3EE1A95E-8A3A-4145-BD5F-DB20C7EA8186}.MySetting|Any CPU.Build.0 = MySetting|Any CPU
		{3EE1A95E-8A3A-4145-BD5F-DB20C7EA8186}.MySetting|Mixed Platforms.ActiveCfg = MySetting|Any CPU
		{3EE1A95E-8A3A-4145-BD5F-DB20C7EA8186}.MySetting|x86.ActiveCfg = MySetting|Any CPU
		{3EE1A95E-8A3A-4145-BD5F-DB20C7EA8186}.Release|Any CPU.ActiveCfg = Release|Any CPU
		{3EE1A95E-8A3A-4145-BD5F-DB20C7EA8186}.Release|Any CPU.Build.0 = Release|Any CPU
		{3EE1A95E-8A3A-4145-BD5F-DB20C7EA8186}.Release|Mixed Platforms.ActiveCfg = Release|Any CPU
		{3EE1A95E-8A3A-4145-BD5F-DB20C7EA8186}.Release|x86.ActiveCfg = Release|Any CPU
		{97BB55E3-CA38-4621-B35B-6D5F3D926DE9}.Debug|Any CPU.ActiveCfg = Debug|Any CPU
		{97BB55E3-CA38-4621-B35B-6D5F3D926DE9}.Debug|Any CPU.Build.0 = Debug|Any CPU
		{97BB55E3-CA38-4621-B35B-6D5F3D926DE9}.Debug|Mixed Platforms.ActiveCfg = Debug|Any CPU
		{97BB55E3-CA38-4621-B35B-6D5F3D926DE9}.Debug|x86.ActiveCfg = Debug|Any CPU
		{97BB55E3-CA38-4621-B35B-6D5F3D926DE9}.MySetting|Any CPU.ActiveCfg = MySetting|Any CPU
		{97BB55E3-CA38-4621-B35B-6D5F3D926DE9}.MySetting|Any CPU.Build.0 = MySetting|Any CPU
		{97BB55E3-CA38-4621-B35B-6D5F3D926DE9}.MySetting|Mixed Platforms.ActiveCfg = MySetting|Any CPU
		{97BB55E3-CA38-4621-B35B-6D5F3D926DE9}.MySetting|x86.ActiveCfg = MySetting|Any CPU
		{97BB55E3-CA38-4621-B35B-6D5F3D926DE9}.Release|Any CPU.ActiveCfg = Release|Any CPU
		{97BB55E3-CA38-4621-B35B-6D5F3D926DE9}.Release|Any CPU.Build.0 = Release|Any CPU
		{97BB55E3-CA38-4621-B35B-6D5F3D926DE9}.Release|Mixed Platforms.ActiveCfg = Release|Any CPU
		{97BB55E3-CA38-4621-B35B-6D5F3D926DE9}.Release|x86.ActiveCfg = Release|Any CPU
		{52727361-1D55-414E-A9F9-6BB15FC7D771}.Debug|Any CPU.ActiveCfg = Debug|Any CPU
		{52727361-1D55-414E-A9F9-6BB15FC7D771}.Debug|Any CPU.Build.0 = Debug|Any CPU
		{52727361-1D55-414E-A9F9-6BB15FC7D771}.Debug|Mixed Platforms.ActiveCfg = Debug|Any CPU
		{52727361-1D55-414E-A9F9-6BB15FC7D771}.Debug|x86.ActiveCfg = Debug|Any CPU
		{52727361-1D55-414E-A9F9-6BB15FC7D771}.MySetting|Any CPU.ActiveCfg = MySetting|Any CPU
		{52727361-1D55-414E-A9F9-6BB15FC7D771}.MySetting|Any CPU.Build.0 = MySetting|Any CPU
		{52727361-1D55-414E-A9F9-6BB15FC7D771}.MySetting|Mixed Platforms.ActiveCfg = MySetting|Any CPU
		{52727361-1D55-414E-A9F9-6BB15FC7D771}.MySetting|x86.ActiveCfg = MySetting|Any CPU
		{52727361-1D55-414E-A9F9-6BB15FC7D771}.Release|Any CPU.ActiveCfg = Release|Any CPU
		{52727361-1D55-414E-A9F9-6BB15FC7D771}.Release|Any CPU.Build.0 = Release|Any CPU
		{52727361-1D55-414E-A9F9-6BB15FC7D771}.Release|Mixed Platforms.ActiveCfg = Release|Any CPU
		{52727361-1D55-414E-A9F9-6BB15FC7D771}.Release|x86.ActiveCfg = Release|Any CPU
		{0FF27C8B-1CE5-4CA1-819D-74021F8B691F}.Debug|Any CPU.ActiveCfg = Debug|Any CPU
		{0FF27C8B-1CE5-4CA1-819D-74021F8B691F}.Debug|Any CPU.Build.0 = Debug|Any CPU
		{0FF27C8B-1CE5-4CA1-819D-74021F8B691F}.Debug|Mixed Platforms.ActiveCfg = Debug|Any CPU
		{0FF27C8B-1CE5-4CA1-819D-74021F8B691F}.Debug|x86.ActiveCfg = Debug|Any CPU
		{0FF27C8B-1CE5-4CA1-819D-74021F8B691F}.MySetting|Any CPU.ActiveCfg = MySetting|Any CPU
		{0FF27C8B-1CE5-4CA1-819D-74021F8B691F}.MySetting|Any CPU.Build.0 = MySetting|Any CPU
		{0FF27C8B-1CE5-4CA1-819D-74021F8B691F}.MySetting|Mixed Platforms.ActiveCfg = MySetting|Any CPU
		{0FF27C8B-1CE5-4CA1-819D-74021F8B691F}.MySetting|x86.ActiveCfg = MySetting|Any CPU
		{0FF27C8B-1CE5-4CA1-819D-74021F8B691F}.Release|Any CPU.ActiveCfg = Release|Any CPU
		{0FF27C8B-1CE5-4CA1-819D-74021F8B691F}.Release|Any CPU.Build.0 = Release|Any CPU
		{0FF27C8B-1CE5-4CA1-819D-74021F8B691F}.Release|Mixed Platforms.ActiveCfg = Release|Any CPU
		{0FF27C8B-1CE5-4CA1-819D-74021F8B691F}.Release|x86.ActiveCfg = Release|Any CPU
		{A68904A1-217F-4A7B-A1E7-2AB74BB0C6B6}.Debug|Any CPU.ActiveCfg = Debug|Any CPU
		{A68904A1-217F-4A7B-A1E7-2AB74BB0C6B6}.Debug|Any CPU.Build.0 = Debug|Any CPU
		{A68904A1-217F-4A7B-A1E7-2AB74BB0C6B6}.Debug|Mixed Platforms.ActiveCfg = Debug|Any CPU
		{A68904A1-217F-4A7B-A1E7-2AB74BB0C6B6}.Debug|x86.ActiveCfg = Debug|Any CPU
		{A68904A1-217F-4A7B-A1E7-2AB74BB0C6B6}.MySetting|Any CPU.ActiveCfg = MySetting|Any CPU
		{A68904A1-217F-4A7B-A1E7-2AB74BB0C6B6}.MySetting|Any CPU.Build.0 = MySetting|Any CPU
		{A68904A1-217F-4A7B-A1E7-2AB74BB0C6B6}.MySetting|Mixed Platforms.ActiveCfg = MySetting|Any CPU
		{A68904A1-217F-4A7B-A1E7-2AB74BB0C6B6}.MySetting|x86.ActiveCfg = MySetting|Any CPU
		{A68904A1-217F-4A7B-A1E7-2AB74BB0C6B6}.Release|Any CPU.ActiveCfg = Release|Any CPU
		{A68904A1-217F-4A7B-A1E7-2AB74BB0C6B6}.Release|Any CPU.Build.0 = Release|Any CPU
		{A68904A1-217F-4A7B-A1E7-2AB74BB0C6B6}.Release|Mixed Platforms.ActiveCfg = Release|Any CPU
		{A68904A1-217F-4A7B-A1E7-2AB74BB0C6B6}.Release|x86.ActiveCfg = Release|Any CPU
		{AC5BE187-D0BB-405B-8811-8C41AF21DEE1}.Debug|Any CPU.ActiveCfg = Debug|Any CPU
		{AC5BE187-D0BB-405B-8811-8C41AF21DEE1}.Debug|Any CPU.Build.0 = Debug|Any CPU
		{AC5BE187-D0BB-405B-8811-8C41AF21DEE1}.Debug|Mixed Platforms.ActiveCfg = Debug|Any CPU
		{AC5BE187-D0BB-405B-8811-8C41AF21DEE1}.Debug|x86.ActiveCfg = Debug|Any CPU
		{AC5BE187-D0BB-405B-8811-8C41AF21DEE1}.MySetting|Any CPU.ActiveCfg = MySetting|Any CPU
		{AC5BE187-D0BB-405B-8811-8C41AF21DEE1}.MySetting|Any CPU.Build.0 = MySetting|Any CPU
		{AC5BE187-D0BB-405B-8811-8C41AF21DEE1}.MySetting|Mixed Platforms.ActiveCfg = MySetting|Any CPU
		{AC5BE187-D0BB-405B-8811-8C41AF21DEE1}.MySetting|x86.ActiveCfg = MySetting|Any CPU
		{AC5BE187-D0BB-405B-8811-8C41AF21DEE1}.Release|Any CPU.ActiveCfg = Release|Any CPU
		{AC5BE187-D0BB-405B-8811-8C41AF21DEE1}.Release|Any CPU.Build.0 = Release|Any CPU
		{AC5BE187-D0BB-405B-8811-8C41AF21DEE1}.Release|Mixed Platforms.ActiveCfg = Release|Any CPU
		{AC5BE187-D0BB-405B-8811-8C41AF21DEE1}.Release|x86.ActiveCfg = Release|Any CPU
		{D2CD87BB-8FF8-46F9-9FA2-1BF2BF560259}.Debug|Any CPU.ActiveCfg = Debug|Any CPU
		{D2CD87BB-8FF8-46F9-9FA2-1BF2BF560259}.Debug|Any CPU.Build.0 = Debug|Any CPU
		{D2CD87BB-8FF8-46F9-9FA2-1BF2BF560259}.Debug|Mixed Platforms.ActiveCfg = Debug|Any CPU
		{D2CD87BB-8FF8-46F9-9FA2-1BF2BF560259}.Debug|x86.ActiveCfg = Debug|Any CPU
		{D2CD87BB-8FF8-46F9-9FA2-1BF2BF560259}.MySetting|Any CPU.ActiveCfg = MySetting|Any CPU
		{D2CD87BB-8FF8-46F9-9FA2-1BF2BF560259}.MySetting|Any CPU.Build.0 = MySetting|Any CPU
		{D2CD87BB-8FF8-46F9-9FA2-1BF2BF560259}.MySetting|Mixed Platforms.ActiveCfg = MySetting|Any CPU
		{D2CD87BB-8FF8-46F9-9FA2-1BF2BF560259}.MySetting|x86.ActiveCfg = MySetting|Any CPU
		{D2CD87BB-8FF8-46F9-9FA2-1BF2BF560259}.Release|Any CPU.ActiveCfg = Release|Any CPU
		{D2CD87BB-8FF8-46F9-9FA2-1BF2BF560259}.Release|Any CPU.Build.0 = Release|Any CPU
		{D2CD87BB-8FF8-46F9-9FA2-1BF2BF560259}.Release|Mixed Platforms.ActiveCfg = Release|Any CPU
		{D2CD87BB-8FF8-46F9-9FA2-1BF2BF560259}.Release|x86.ActiveCfg = Release|Any CPU
		{1F3F5CA3-4C22-46F4-B3B0-FA16CCEBD01C}.Debug|Any CPU.ActiveCfg = Debug|Any CPU
		{1F3F5CA3-4C22-46F4-B3B0-FA16CCEBD01C}.Debug|Any CPU.Build.0 = Debug|Any CPU
		{1F3F5CA3-4C22-46F4-B3B0-FA16CCEBD01C}.Debug|Mixed Platforms.ActiveCfg = Debug|Any CPU
		{1F3F5CA3-4C22-46F4-B3B0-FA16CCEBD01C}.Debug|x86.ActiveCfg = Debug|Any CPU
		{1F3F5CA3-4C22-46F4-B3B0-FA16CCEBD01C}.MySetting|Any CPU.ActiveCfg = MySetting|Any CPU
		{1F3F5CA3-4C22-46F4-B3B0-FA16CCEBD01C}.MySetting|Any CPU.Build.0 = MySetting|Any CPU
		{1F3F5CA3-4C22-46F4-B3B0-FA16CCEBD01C}.MySetting|Mixed Platforms.ActiveCfg = MySetting|Any CPU
		{1F3F5CA3-4C22-46F4-B3B0-FA16CCEBD01C}.MySetting|x86.ActiveCfg = MySetting|Any CPU
		{1F3F5CA3-4C22-46F4-B3B0-FA16CCEBD01C}.Release|Any CPU.ActiveCfg = Release|Any CPU
		{1F3F5CA3-4C22-46F4-B3B0-FA16CCEBD01C}.Release|Any CPU.Build.0 = Release|Any CPU
		{1F3F5CA3-4C22-46F4-B3B0-FA16CCEBD01C}.Release|Mixed Platforms.ActiveCfg = Release|Any CPU
		{1F3F5CA3-4C22-46F4-B3B0-FA16CCEBD01C}.Release|x86.ActiveCfg = Release|Any CPU
		{6F90788C-3C10-4259-B8B7-E65F856FE55D}.Debug|Any CPU.ActiveCfg = Debug|Any CPU
		{6F90788C-3C10-4259-B8B7-E65F856FE55D}.Debug|Any CPU.Build.0 = Debug|Any CPU
		{6F90788C-3C10-4259-B8B7-E65F856FE55D}.Debug|Mixed Platforms.ActiveCfg = Debug|Any CPU
		{6F90788C-3C10-4259-B8B7-E65F856FE55D}.Debug|x86.ActiveCfg = Debug|Any CPU
		{6F90788C-3C10-4259-B8B7-E65F856FE55D}.MySetting|Any CPU.ActiveCfg = MySetting|Any CPU
		{6F90788C-3C10-4259-B8B7-E65F856FE55D}.MySetting|Any CPU.Build.0 = MySetting|Any CPU
		{6F90788C-3C10-4259-B8B7-E65F856FE55D}.MySetting|Mixed Platforms.ActiveCfg = MySetting|Any CPU
		{6F90788C-3C10-4259-B8B7-E65F856FE55D}.MySetting|x86.ActiveCfg = MySetting|Any CPU
		{6F90788C-3C10-4259-B8B7-E65F856FE55D}.Release|Any CPU.ActiveCfg = Release|Any CPU
		{6F90788C-3C10-4259-B8B7-E65F856FE55D}.Release|Any CPU.Build.0 = Release|Any CPU
		{6F90788C-3C10-4259-B8B7-E65F856FE55D}.Release|Mixed Platforms.ActiveCfg = Release|Any CPU
		{6F90788C-3C10-4259-B8B7-E65F856FE55D}.Release|x86.ActiveCfg = Release|Any CPU
		{8FFCECCF-4019-4FA3-81F7-DA95166A0166}.Debug|Any CPU.ActiveCfg = Debug|Any CPU
		{8FFCECCF-4019-4FA3-81F7-DA95166A0166}.Debug|Any CPU.Build.0 = Debug|Any CPU
		{8FFCECCF-4019-4FA3-81F7-DA95166A0166}.Debug|Mixed Platforms.ActiveCfg = Debug|Any CPU
		{8FFCECCF-4019-4FA3-81F7-DA95166A0166}.Debug|x86.ActiveCfg = Debug|Any CPU
		{8FFCECCF-4019-4FA3-81F7-DA95166A0166}.MySetting|Any CPU.ActiveCfg = MySetting|Any CPU
		{8FFCECCF-4019-4FA3-81F7-DA95166A0166}.MySetting|Any CPU.Build.0 = MySetting|Any CPU
		{8FFCECCF-4019-4FA3-81F7-DA95166A0166}.MySetting|Mixed Platforms.ActiveCfg = MySetting|Any CPU
		{8FFCECCF-4019-4FA3-81F7-DA95166A0166}.MySetting|x86.ActiveCfg = MySetting|Any CPU
		{8FFCECCF-4019-4FA3-81F7-DA95166A0166}.Release|Any CPU.ActiveCfg = Release|Any CPU
		{8FFCECCF-4019-4FA3-81F7-DA95166A0166}.Release|Any CPU.Build.0 = Release|Any CPU
		{8FFCECCF-4019-4FA3-81F7-DA95166A0166}.Release|Mixed Platforms.ActiveCfg = Release|Any CPU
		{8FFCECCF-4019-4FA3-81F7-DA95166A0166}.Release|x86.ActiveCfg = Release|Any CPU
		{0E54A3E9-B65B-4A76-A8DE-066E45D4CB89}.Debug|Any CPU.ActiveCfg = Debug|Any CPU
		{0E54A3E9-B65B-4A76-A8DE-066E45D4CB89}.Debug|Any CPU.Build.0 = Debug|Any CPU
		{0E54A3E9-B65B-4A76-A8DE-066E45D4CB89}.Debug|Mixed Platforms.ActiveCfg = Debug|Any CPU
		{0E54A3E9-B65B-4A76-A8DE-066E45D4CB89}.Debug|x86.ActiveCfg = Debug|Any CPU
		{0E54A3E9-B65B-4A76-A8DE-066E45D4CB89}.MySetting|Any CPU.ActiveCfg = MySetting|Any CPU
		{0E54A3E9-B65B-4A76-A8DE-066E45D4CB89}.MySetting|Any CPU.Build.0 = MySetting|Any CPU
		{0E54A3E9-B65B-4A76-A8DE-066E45D4CB89}.MySetting|Mixed Platforms.ActiveCfg = MySetting|Any CPU
		{0E54A3E9-B65B-4A76-A8DE-066E45D4CB89}.MySetting|x86.ActiveCfg = MySetting|Any CPU
		{0E54A3E9-B65B-4A76-A8DE-066E45D4CB89}.Release|Any CPU.ActiveCfg = Release|Any CPU
		{0E54A3E9-B65B-4A76-A8DE-066E45D4CB89}.Release|Any CPU.Build.0 = Release|Any CPU
		{0E54A3E9-B65B-4A76-A8DE-066E45D4CB89}.Release|Mixed Platforms.ActiveCfg = Release|Any CPU
		{0E54A3E9-B65B-4A76-A8DE-066E45D4CB89}.Release|x86.ActiveCfg = Release|Any CPU
		{04993D0B-9DCC-4224-A934-8AD4DC6820E3}.Debug|Any CPU.ActiveCfg = Debug|Any CPU
		{04993D0B-9DCC-4224-A934-8AD4DC6820E3}.Debug|Any CPU.Build.0 = Debug|Any CPU
		{04993D0B-9DCC-4224-A934-8AD4DC6820E3}.Debug|Mixed Platforms.ActiveCfg = Debug|Any CPU
		{04993D0B-9DCC-4224-A934-8AD4DC6820E3}.Debug|x86.ActiveCfg = Debug|Any CPU
		{04993D0B-9DCC-4224-A934-8AD4DC6820E3}.MySetting|Any CPU.ActiveCfg = MySetting|Any CPU
		{04993D0B-9DCC-4224-A934-8AD4DC6820E3}.MySetting|Any CPU.Build.0 = MySetting|Any CPU
		{04993D0B-9DCC-4224-A934-8AD4DC6820E3}.MySetting|Mixed Platforms.ActiveCfg = MySetting|Any CPU
		{04993D0B-9DCC-4224-A934-8AD4DC6820E3}.MySetting|x86.ActiveCfg = MySetting|Any CPU
		{04993D0B-9DCC-4224-A934-8AD4DC6820E3}.Release|Any CPU.ActiveCfg = Release|Any CPU
		{04993D0B-9DCC-4224-A934-8AD4DC6820E3}.Release|Any CPU.Build.0 = Release|Any CPU
		{04993D0B-9DCC-4224-A934-8AD4DC6820E3}.Release|Mixed Platforms.ActiveCfg = Release|Any CPU
		{04993D0B-9DCC-4224-A934-8AD4DC6820E3}.Release|x86.ActiveCfg = Release|Any CPU
		{B6376C45-D295-4B7C-B7E1-55FA083F074C}.Debug|Any CPU.ActiveCfg = Debug|Any CPU
		{B6376C45-D295-4B7C-B7E1-55FA083F074C}.Debug|Any CPU.Build.0 = Debug|Any CPU
		{B6376C45-D295-4B7C-B7E1-55FA083F074C}.Debug|Mixed Platforms.ActiveCfg = Debug|x86
		{B6376C45-D295-4B7C-B7E1-55FA083F074C}.Debug|x86.ActiveCfg = Debug|x86
		{B6376C45-D295-4B7C-B7E1-55FA083F074C}.Debug|x86.Build.0 = Debug|x86
		{B6376C45-D295-4B7C-B7E1-55FA083F074C}.MySetting|Any CPU.ActiveCfg = MySetting|Any CPU
		{B6376C45-D295-4B7C-B7E1-55FA083F074C}.MySetting|Any CPU.Build.0 = MySetting|Any CPU
		{B6376C45-D295-4B7C-B7E1-55FA083F074C}.MySetting|Mixed Platforms.ActiveCfg = MySetting|x86
		{B6376C45-D295-4B7C-B7E1-55FA083F074C}.MySetting|Mixed Platforms.Build.0 = MySetting|x86
		{B6376C45-D295-4B7C-B7E1-55FA083F074C}.MySetting|x86.ActiveCfg = MySetting|x86
		{B6376C45-D295-4B7C-B7E1-55FA083F074C}.MySetting|x86.Build.0 = MySetting|x86
		{B6376C45-D295-4B7C-B7E1-55FA083F074C}.Release|Any CPU.ActiveCfg = Release|Any CPU
		{B6376C45-D295-4B7C-B7E1-55FA083F074C}.Release|Any CPU.Build.0 = Release|Any CPU
		{B6376C45-D295-4B7C-B7E1-55FA083F074C}.Release|Mixed Platforms.ActiveCfg = Release|x86
		{B6376C45-D295-4B7C-B7E1-55FA083F074C}.Release|Mixed Platforms.Build.0 = Release|x86
		{B6376C45-D295-4B7C-B7E1-55FA083F074C}.Release|x86.ActiveCfg = Release|x86
		{B6376C45-D295-4B7C-B7E1-55FA083F074C}.Release|x86.Build.0 = Release|x86
		{388CE2C3-CB1A-4654-B6B5-3F2C7F130BE9}.Debug|Any CPU.ActiveCfg = Debug|Any CPU
		{388CE2C3-CB1A-4654-B6B5-3F2C7F130BE9}.Debug|Any CPU.Build.0 = Debug|Any CPU
		{388CE2C3-CB1A-4654-B6B5-3F2C7F130BE9}.Debug|Mixed Platforms.ActiveCfg = Debug|x86
		{388CE2C3-CB1A-4654-B6B5-3F2C7F130BE9}.Debug|x86.ActiveCfg = Debug|x86
		{388CE2C3-CB1A-4654-B6B5-3F2C7F130BE9}.Debug|x86.Build.0 = Debug|x86
		{388CE2C3-CB1A-4654-B6B5-3F2C7F130BE9}.MySetting|Any CPU.ActiveCfg = MySetting|Any CPU
		{388CE2C3-CB1A-4654-B6B5-3F2C7F130BE9}.MySetting|Any CPU.Build.0 = MySetting|Any CPU
		{388CE2C3-CB1A-4654-B6B5-3F2C7F130BE9}.MySetting|Mixed Platforms.ActiveCfg = MySetting|x86
		{388CE2C3-CB1A-4654-B6B5-3F2C7F130BE9}.MySetting|x86.ActiveCfg = MySetting|x86
		{388CE2C3-CB1A-4654-B6B5-3F2C7F130BE9}.MySetting|x86.Build.0 = MySetting|x86
		{388CE2C3-CB1A-4654-B6B5-3F2C7F130BE9}.Release|Any CPU.ActiveCfg = Release|Any CPU
		{388CE2C3-CB1A-4654-B6B5-3F2C7F130BE9}.Release|Any CPU.Build.0 = Release|Any CPU
		{388CE2C3-CB1A-4654-B6B5-3F2C7F130BE9}.Release|Mixed Platforms.ActiveCfg = Release|x86
		{388CE2C3-CB1A-4654-B6B5-3F2C7F130BE9}.Release|x86.ActiveCfg = Release|x86
		{388CE2C3-CB1A-4654-B6B5-3F2C7F130BE9}.Release|x86.Build.0 = Release|x86
		{CF87157F-ADE0-4AAE-819B-8BF8F7F291C7}.Debug|Any CPU.ActiveCfg = Debug|Any CPU
		{CF87157F-ADE0-4AAE-819B-8BF8F7F291C7}.Debug|Any CPU.Build.0 = Debug|Any CPU
		{CF87157F-ADE0-4AAE-819B-8BF8F7F291C7}.Debug|Mixed Platforms.ActiveCfg = Debug|Any CPU
		{CF87157F-ADE0-4AAE-819B-8BF8F7F291C7}.Debug|x86.ActiveCfg = Debug|Any CPU
		{CF87157F-ADE0-4AAE-819B-8BF8F7F291C7}.MySetting|Any CPU.ActiveCfg = MySetting|Any CPU
		{CF87157F-ADE0-4AAE-819B-8BF8F7F291C7}.MySetting|Any CPU.Build.0 = MySetting|Any CPU
		{CF87157F-ADE0-4AAE-819B-8BF8F7F291C7}.MySetting|Mixed Platforms.ActiveCfg = MySetting|Any CPU
		{CF87157F-ADE0-4AAE-819B-8BF8F7F291C7}.MySetting|x86.ActiveCfg = MySetting|Any CPU
		{CF87157F-ADE0-4AAE-819B-8BF8F7F291C7}.Release|Any CPU.ActiveCfg = Release|Any CPU
		{CF87157F-ADE0-4AAE-819B-8BF8F7F291C7}.Release|Any CPU.Build.0 = Release|Any CPU
		{CF87157F-ADE0-4AAE-819B-8BF8F7F291C7}.Release|Mixed Platforms.ActiveCfg = Release|Any CPU
		{CF87157F-ADE0-4AAE-819B-8BF8F7F291C7}.Release|x86.ActiveCfg = Release|Any CPU
		{4CA06B5C-18FC-45A7-A7BD-696BFF2B80AB}.Debug|Any CPU.ActiveCfg = Debug|Any CPU
		{4CA06B5C-18FC-45A7-A7BD-696BFF2B80AB}.Debug|Any CPU.Build.0 = Debug|Any CPU
		{4CA06B5C-18FC-45A7-A7BD-696BFF2B80AB}.Debug|Mixed Platforms.ActiveCfg = Debug|Any CPU
		{4CA06B5C-18FC-45A7-A7BD-696BFF2B80AB}.Debug|x86.ActiveCfg = Debug|Any CPU
		{4CA06B5C-18FC-45A7-A7BD-696BFF2B80AB}.MySetting|Any CPU.ActiveCfg = MySetting|Any CPU
		{4CA06B5C-18FC-45A7-A7BD-696BFF2B80AB}.MySetting|Any CPU.Build.0 = MySetting|Any CPU
		{4CA06B5C-18FC-45A7-A7BD-696BFF2B80AB}.MySetting|Mixed Platforms.ActiveCfg = MySetting|Any CPU
		{4CA06B5C-18FC-45A7-A7BD-696BFF2B80AB}.MySetting|Mixed Platforms.Build.0 = MySetting|Any CPU
		{4CA06B5C-18FC-45A7-A7BD-696BFF2B80AB}.MySetting|x86.ActiveCfg = MySetting|Any CPU
		{4CA06B5C-18FC-45A7-A7BD-696BFF2B80AB}.Release|Any CPU.ActiveCfg = Release|Any CPU
		{4CA06B5C-18FC-45A7-A7BD-696BFF2B80AB}.Release|Any CPU.Build.0 = Release|Any CPU
		{4CA06B5C-18FC-45A7-A7BD-696BFF2B80AB}.Release|Mixed Platforms.ActiveCfg = Release|Any CPU
		{4CA06B5C-18FC-45A7-A7BD-696BFF2B80AB}.Release|Mixed Platforms.Build.0 = Release|Any CPU
		{4CA06B5C-18FC-45A7-A7BD-696BFF2B80AB}.Release|x86.ActiveCfg = Release|Any CPU
		{64E4EC7F-A1E9-4186-A4C6-91EE669A40AF}.Debug|Any CPU.ActiveCfg = Debug|Any CPU
		{64E4EC7F-A1E9-4186-A4C6-91EE669A40AF}.Debug|Any CPU.Build.0 = Debug|Any CPU
		{64E4EC7F-A1E9-4186-A4C6-91EE669A40AF}.Debug|Mixed Platforms.ActiveCfg = Debug|Any CPU
		{64E4EC7F-A1E9-4186-A4C6-91EE669A40AF}.Debug|x86.ActiveCfg = Debug|Any CPU
		{64E4EC7F-A1E9-4186-A4C6-91EE669A40AF}.MySetting|Any CPU.ActiveCfg = MySetting|Any CPU
		{64E4EC7F-A1E9-4186-A4C6-91EE669A40AF}.MySetting|Any CPU.Build.0 = MySetting|Any CPU
		{64E4EC7F-A1E9-4186-A4C6-91EE669A40AF}.MySetting|Mixed Platforms.ActiveCfg = MySetting|Any CPU
		{64E4EC7F-A1E9-4186-A4C6-91EE669A40AF}.MySetting|Mixed Platforms.Build.0 = MySetting|Any CPU
		{64E4EC7F-A1E9-4186-A4C6-91EE669A40AF}.MySetting|x86.ActiveCfg = MySetting|Any CPU
		{64E4EC7F-A1E9-4186-A4C6-91EE669A40AF}.Release|Any CPU.ActiveCfg = Release|Any CPU
		{64E4EC7F-A1E9-4186-A4C6-91EE669A40AF}.Release|Any CPU.Build.0 = Release|Any CPU
		{64E4EC7F-A1E9-4186-A4C6-91EE669A40AF}.Release|Mixed Platforms.ActiveCfg = Release|Any CPU
		{64E4EC7F-A1E9-4186-A4C6-91EE669A40AF}.Release|Mixed Platforms.Build.0 = Release|Any CPU
		{64E4EC7F-A1E9-4186-A4C6-91EE669A40AF}.Release|x86.ActiveCfg = Release|Any CPU
		{C27CE3C7-B9BF-4F53-AFBF-3F293A559BCA}.Debug|Any CPU.ActiveCfg = Debug|Any CPU
		{C27CE3C7-B9BF-4F53-AFBF-3F293A559BCA}.Debug|Any CPU.Build.0 = Debug|Any CPU
		{C27CE3C7-B9BF-4F53-AFBF-3F293A559BCA}.Debug|Mixed Platforms.ActiveCfg = Debug|Any CPU
		{C27CE3C7-B9BF-4F53-AFBF-3F293A559BCA}.Debug|x86.ActiveCfg = Debug|Any CPU
		{C27CE3C7-B9BF-4F53-AFBF-3F293A559BCA}.Debug|x86.Build.0 = Debug|Any CPU
		{C27CE3C7-B9BF-4F53-AFBF-3F293A559BCA}.MySetting|Any CPU.ActiveCfg = Release|Any CPU
		{C27CE3C7-B9BF-4F53-AFBF-3F293A559BCA}.MySetting|Any CPU.Build.0 = Release|Any CPU
		{C27CE3C7-B9BF-4F53-AFBF-3F293A559BCA}.MySetting|Mixed Platforms.ActiveCfg = Release|Any CPU
		{C27CE3C7-B9BF-4F53-AFBF-3F293A559BCA}.MySetting|Mixed Platforms.Build.0 = Release|Any CPU
		{C27CE3C7-B9BF-4F53-AFBF-3F293A559BCA}.MySetting|x86.ActiveCfg = Release|Any CPU
		{C27CE3C7-B9BF-4F53-AFBF-3F293A559BCA}.MySetting|x86.Build.0 = Release|Any CPU
		{C27CE3C7-B9BF-4F53-AFBF-3F293A559BCA}.Release|Any CPU.ActiveCfg = Release|Any CPU
		{C27CE3C7-B9BF-4F53-AFBF-3F293A559BCA}.Release|Any CPU.Build.0 = Release|Any CPU
		{C27CE3C7-B9BF-4F53-AFBF-3F293A559BCA}.Release|Mixed Platforms.ActiveCfg = Release|Any CPU
		{C27CE3C7-B9BF-4F53-AFBF-3F293A559BCA}.Release|Mixed Platforms.Build.0 = Release|Any CPU
		{C27CE3C7-B9BF-4F53-AFBF-3F293A559BCA}.Release|x86.ActiveCfg = Release|Any CPU
		{C27CE3C7-B9BF-4F53-AFBF-3F293A559BCA}.Release|x86.Build.0 = Release|Any CPU
		{2C084697-253A-4384-BFBC-9205250F00EE}.Debug|Any CPU.ActiveCfg = Debug|Any CPU
		{2C084697-253A-4384-BFBC-9205250F00EE}.Debug|Any CPU.Build.0 = Debug|Any CPU
		{2C084697-253A-4384-BFBC-9205250F00EE}.Debug|Mixed Platforms.ActiveCfg = Debug|Any CPU
		{2C084697-253A-4384-BFBC-9205250F00EE}.Debug|x86.ActiveCfg = Debug|Any CPU
		{2C084697-253A-4384-BFBC-9205250F00EE}.Debug|x86.Build.0 = Debug|Any CPU
		{2C084697-253A-4384-BFBC-9205250F00EE}.MySetting|Any CPU.ActiveCfg = Release|Any CPU
		{2C084697-253A-4384-BFBC-9205250F00EE}.MySetting|Any CPU.Build.0 = Release|Any CPU
		{2C084697-253A-4384-BFBC-9205250F00EE}.MySetting|Mixed Platforms.ActiveCfg = Release|Any CPU
		{2C084697-253A-4384-BFBC-9205250F00EE}.MySetting|Mixed Platforms.Build.0 = Release|Any CPU
		{2C084697-253A-4384-BFBC-9205250F00EE}.MySetting|x86.ActiveCfg = Release|Any CPU
		{2C084697-253A-4384-BFBC-9205250F00EE}.MySetting|x86.Build.0 = Release|Any CPU
		{2C084697-253A-4384-BFBC-9205250F00EE}.Release|Any CPU.ActiveCfg = Release|Any CPU
		{2C084697-253A-4384-BFBC-9205250F00EE}.Release|Any CPU.Build.0 = Release|Any CPU
		{2C084697-253A-4384-BFBC-9205250F00EE}.Release|Mixed Platforms.ActiveCfg = Release|Any CPU
		{2C084697-253A-4384-BFBC-9205250F00EE}.Release|Mixed Platforms.Build.0 = Release|Any CPU
		{2C084697-253A-4384-BFBC-9205250F00EE}.Release|x86.ActiveCfg = Release|Any CPU
		{2C084697-253A-4384-BFBC-9205250F00EE}.Release|x86.Build.0 = Release|Any CPU
		{FE1F3F5C-901E-4DCC-A138-8CE77B0F414F}.Debug|Any CPU.ActiveCfg = Debug|Any CPU
		{FE1F3F5C-901E-4DCC-A138-8CE77B0F414F}.Debug|Any CPU.Build.0 = Debug|Any CPU
		{FE1F3F5C-901E-4DCC-A138-8CE77B0F414F}.Debug|Mixed Platforms.ActiveCfg = Debug|Any CPU
		{FE1F3F5C-901E-4DCC-A138-8CE77B0F414F}.Debug|x86.ActiveCfg = Debug|Any CPU
		{FE1F3F5C-901E-4DCC-A138-8CE77B0F414F}.MySetting|Any CPU.ActiveCfg = MySetting|Any CPU
		{FE1F3F5C-901E-4DCC-A138-8CE77B0F414F}.MySetting|Any CPU.Build.0 = MySetting|Any CPU
		{FE1F3F5C-901E-4DCC-A138-8CE77B0F414F}.MySetting|Mixed Platforms.ActiveCfg = MySetting|Any CPU
		{FE1F3F5C-901E-4DCC-A138-8CE77B0F414F}.MySetting|Mixed Platforms.Build.0 = MySetting|Any CPU
		{FE1F3F5C-901E-4DCC-A138-8CE77B0F414F}.MySetting|x86.ActiveCfg = MySetting|Any CPU
		{FE1F3F5C-901E-4DCC-A138-8CE77B0F414F}.Release|Any CPU.ActiveCfg = Release|Any CPU
		{FE1F3F5C-901E-4DCC-A138-8CE77B0F414F}.Release|Any CPU.Build.0 = Release|Any CPU
		{FE1F3F5C-901E-4DCC-A138-8CE77B0F414F}.Release|Mixed Platforms.ActiveCfg = Release|Any CPU
		{FE1F3F5C-901E-4DCC-A138-8CE77B0F414F}.Release|Mixed Platforms.Build.0 = Release|Any CPU
		{FE1F3F5C-901E-4DCC-A138-8CE77B0F414F}.Release|x86.ActiveCfg = Release|Any CPU
		{11D0E07C-844D-4266-A3CA-E76BEE57A790}.Debug|Any CPU.ActiveCfg = Debug|Any CPU
		{11D0E07C-844D-4266-A3CA-E76BEE57A790}.Debug|Any CPU.Build.0 = Debug|Any CPU
		{11D0E07C-844D-4266-A3CA-E76BEE57A790}.Debug|Mixed Platforms.ActiveCfg = Debug|Any CPU
		{11D0E07C-844D-4266-A3CA-E76BEE57A790}.Debug|Mixed Platforms.Build.0 = Debug|Any CPU
		{11D0E07C-844D-4266-A3CA-E76BEE57A790}.Debug|x86.ActiveCfg = Debug|Any CPU
		{11D0E07C-844D-4266-A3CA-E76BEE57A790}.Debug|x86.Build.0 = Debug|Any CPU
		{11D0E07C-844D-4266-A3CA-E76BEE57A790}.MySetting|Any CPU.ActiveCfg = MySetting|Any CPU
		{11D0E07C-844D-4266-A3CA-E76BEE57A790}.MySetting|Any CPU.Build.0 = MySetting|Any CPU
		{11D0E07C-844D-4266-A3CA-E76BEE57A790}.MySetting|Mixed Platforms.ActiveCfg = MySetting|Any CPU
		{11D0E07C-844D-4266-A3CA-E76BEE57A790}.MySetting|Mixed Platforms.Build.0 = MySetting|Any CPU
		{11D0E07C-844D-4266-A3CA-E76BEE57A790}.MySetting|x86.ActiveCfg = MySetting|Any CPU
		{11D0E07C-844D-4266-A3CA-E76BEE57A790}.MySetting|x86.Build.0 = MySetting|Any CPU
		{11D0E07C-844D-4266-A3CA-E76BEE57A790}.Release|Any CPU.ActiveCfg = Release|Any CPU
		{11D0E07C-844D-4266-A3CA-E76BEE57A790}.Release|Any CPU.Build.0 = Release|Any CPU
		{11D0E07C-844D-4266-A3CA-E76BEE57A790}.Release|Mixed Platforms.ActiveCfg = Release|Any CPU
		{11D0E07C-844D-4266-A3CA-E76BEE57A790}.Release|Mixed Platforms.Build.0 = Release|Any CPU
		{11D0E07C-844D-4266-A3CA-E76BEE57A790}.Release|x86.ActiveCfg = Release|Any CPU
		{11D0E07C-844D-4266-A3CA-E76BEE57A790}.Release|x86.Build.0 = Release|Any CPU
		{04D1DAC8-2119-4490-8F0C-947E0ABF0B15}.Debug|Any CPU.ActiveCfg = Debug
		{04D1DAC8-2119-4490-8F0C-947E0ABF0B15}.Debug|Mixed Platforms.ActiveCfg = Debug
		{04D1DAC8-2119-4490-8F0C-947E0ABF0B15}.Debug|x86.ActiveCfg = Debug
		{04D1DAC8-2119-4490-8F0C-947E0ABF0B15}.MySetting|Any CPU.ActiveCfg = Release
		{04D1DAC8-2119-4490-8F0C-947E0ABF0B15}.MySetting|Mixed Platforms.ActiveCfg = Release
		{04D1DAC8-2119-4490-8F0C-947E0ABF0B15}.MySetting|x86.ActiveCfg = Release
		{04D1DAC8-2119-4490-8F0C-947E0ABF0B15}.Release|Any CPU.ActiveCfg = Release
		{04D1DAC8-2119-4490-8F0C-947E0ABF0B15}.Release|Mixed Platforms.ActiveCfg = Release
		{04D1DAC8-2119-4490-8F0C-947E0ABF0B15}.Release|x86.ActiveCfg = Release
	EndGlobalSection
	GlobalSection(SolutionProperties) = preSolution
		HideSolutionNode = FALSE
	EndGlobalSection
EndGlobal
